{
  "version": 4,
  "terraform_version": "1.2.6",
  "serial": 206,
  "lineage": "c19e3c0b-2058-4f75-dd8a-417ceffe63eb",
  "outputs": {},
  "resources": [
    {
      "mode": "managed",
      "type": "newrelic_alert_policy",
      "name": "Test_terra",
      "provider": "provider[\"registry.terraform.io/newrelic/newrelic\"]",
      "instances": [
        {
          "schema_version": 0,
          "attributes": {
            "account_id": 3660048,
            "channel_ids": null,
            "id": "3659156",
            "incident_preference": "PER_POLICY",
            "name": "hs-test-ass"
          },
          "sensitive_attributes": [],
          "private": "bnVsbA=="
        }
      ]
    },
    {
      "mode": "managed",
      "type": "newrelic_notification_channel",
      "name": "foo",
      "provider": "provider[\"registry.terraform.io/newrelic/newrelic\"]",
      "instances": [
        {
          "schema_version": 0,
          "attributes": {
            "account_id": 3660048,
            "active": true,
            "destination_id": "fe2d5d84-caca-423f-b90e-2e6e56f22f89",
            "id": "4a4ec10b-58ea-4602-a09b-edbec29c18ef",
            "name": "email-example",
            "product": "IINT",
            "property": [
              {
                "display_value": "",
                "key": "Notification",
                "label": "",
                "value": "Synthetic Notification"
              }
            ],
            "status": "DEFAULT",
            "type": "EMAIL"
          },
          "sensitive_attributes": [],
          "private": "bnVsbA==",
          "dependencies": [
            "newrelic_notification_destination.emails"
          ]
        }
      ]
    },
    {
      "mode": "managed",
      "type": "newrelic_notification_destination",
      "name": "emails",
      "provider": "provider[\"registry.terraform.io/newrelic/newrelic\"]",
      "instances": [
        {
          "schema_version": 1,
          "attributes": {
            "account_id": 3660048,
            "active": true,
            "auth_basic": [
              {
                "password": null,
                "user": null
              }
            ],
            "auth_token": [],
            "id": "fe2d5d84-caca-423f-b90e-2e6e56f22f89",
            "last_sent": "",
            "name": "outlook/gmail",
            "property": [
              {
                "display_value": "",
                "key": "email",
                "label": "",
                "value": "ihappysoni@outlook.com,happy.soni944@gmail.com"
              }
            ],
            "status": "DEFAULT",
            "type": "EMAIL"
          },
          "sensitive_attributes": [],
          "private": "eyJzY2hlbWFfdmVyc2lvbiI6IjEifQ=="
        }
      ]
    },
    {
      "mode": "managed",
      "type": "newrelic_nrql_alert_condition",
      "name": "test_alert",
      "provider": "provider[\"registry.terraform.io/newrelic/newrelic\"]",
      "instances": [
        {
          "schema_version": 0,
          "attributes": {
            "account_id": 3660048,
            "aggregation_delay": "120",
            "aggregation_method": "event_flow",
            "aggregation_timer": null,
            "aggregation_window": 60,
            "baseline_direction": null,
            "close_violations_on_expiration": true,
            "critical": [
              {
                "duration": 0,
                "operator": "above",
                "threshold": 3.5,
                "threshold_duration": 120,
                "threshold_occurrences": "all",
                "time_function": ""
              }
            ],
            "description": "Alert",
            "enabled": true,
            "entity_guid": "MzY2MDA0OHxBSU9QU3xDT05ESVRJT058MjgyODYyOTA",
            "expiration_duration": 120,
            "fill_option": "static",
            "fill_value": 1,
            "id": "3659156:28286290",
            "name": "HS-Syn-Alert",
            "nrql": [
              {
                "evaluation_offset": 0,
                "query": "SELECT percentage(count(*), WHERE result = 'SUCCESS') FROM SyntheticCheck WHERE monitorName = 'Step_Monitor_Portfolio'",
                "since_value": ""
              }
            ],
            "open_violation_on_expiration": true,
            "policy_id": 3659156,
            "runbook_url": "https://www.gmail.com",
            "slide_by": 30,
            "term": [],
            "type": "static",
            "value_function": "SINGLE_VALUE",
            "violation_time_limit": "ONE_HOUR",
            "violation_time_limit_seconds": 3600,
            "warning": [
              {
                "duration": 0,
                "operator": "above",
                "threshold": 3,
                "threshold_duration": 120,
                "threshold_occurrences": "all",
                "time_function": ""
              }
            ]
          },
          "sensitive_attributes": [],
          "private": "bnVsbA==",
          "dependencies": [
            "newrelic_alert_policy.Test_terra"
          ]
        }
      ]
    },
    {
      "mode": "managed",
      "type": "newrelic_synthetics_alert_condition",
      "name": "foo",
      "provider": "provider[\"registry.terraform.io/newrelic/newrelic\"]",
      "instances": [
        {
          "schema_version": 0,
          "attributes": {
            "enabled": true,
            "id": "3659156:28286292",
            "monitor_id": "MzY2MDA0OHxTWU5USHxNT05JVE9SfDI4MmY0MTE3LTYzMDItNDI3Yi04MTRiLTE4OWI4ZjI2ZTY1ZA",
            "name": "syn_alert_",
            "policy_id": 3659156,
            "runbook_url": "https://www.ihappysoni.netlify.com"
          },
          "sensitive_attributes": [],
          "private": "bnVsbA==",
          "dependencies": [
            "newrelic_alert_policy.Test_terra",
            "newrelic_synthetics_step_monitor.monitor"
          ]
        }
      ]
    },
    {
      "mode": "managed",
      "type": "newrelic_synthetics_alert_condition",
      "name": "foo-ping",
      "provider": "provider[\"registry.terraform.io/newrelic/newrelic\"]",
      "instances": [
        {
          "schema_version": 0,
          "attributes": {
            "enabled": true,
            "id": "3659156:28286301",
            "monitor_id": "MzY2MDA0OHxTWU5USHxNT05JVE9SfDQ3MTI3ZDc3LTJmMGEtNGFmZS05NTlmLTlkZjgzYTI2YTYzNQ",
            "name": "syn_alert_ping",
            "policy_id": 3659156,
            "runbook_url": "https://www.ihappysoni.netlify.com"
          },
          "sensitive_attributes": [],
          "private": "bnVsbA==",
          "dependencies": [
            "newrelic_alert_policy.Test_terra",
            "newrelic_synthetics_monitor.ping-monitor"
          ]
        }
      ]
    },
    {
      "mode": "managed",
      "type": "newrelic_synthetics_monitor",
      "name": "ping-monitor",
      "provider": "provider[\"registry.terraform.io/newrelic/newrelic\"]",
      "instances": [
        {
          "schema_version": 0,
          "attributes": {
            "account_id": 3660048,
            "bypass_head_request": true,
            "custom_header": [
              {
                "name": "Ping_Monitor_Portfolio",
                "value": "simpleMonitor"
              }
            ],
            "enable_screenshot_on_failure_and_script": null,
            "id": "MzY2MDA0OHxTWU5USHxNT05JVE9SfDQ3MTI3ZDc3LTJmMGEtNGFmZS05NTlmLTlkZjgzYTI2YTYzNQ",
            "locations_private": null,
            "locations_public": [
              "US_EAST_1"
            ],
            "name": "Ping_Monitor_Portfolio",
            "period": "EVERY_6_HOURS",
            "runtime_type": "",
            "runtime_type_version": "",
            "script_language": "",
            "status": "ENABLED",
            "tag": [
              {
                "key": "some_key",
                "values": [
                  "some_value"
                ]
              }
            ],
            "treat_redirect_as_failure": true,
            "type": "SIMPLE",
            "uri": "http://www.ihappysoni.netlify.app",
            "validation_string": "success",
            "verify_ssl": true
          },
          "sensitive_attributes": [],
          "private": "bnVsbA=="
        }
      ]
    },
    {
      "mode": "managed",
      "type": "newrelic_synthetics_step_monitor",
      "name": "monitor",
      "provider": "provider[\"registry.terraform.io/newrelic/newrelic\"]",
      "instances": [
        {
          "schema_version": 0,
          "attributes": {
            "account_id": 3660048,
            "enable_screenshot_on_failure_and_script": true,
            "guid": "MzY2MDA0OHxTWU5USHxNT05JVE9SfDI4MmY0MTE3LTYzMDItNDI3Yi04MTRiLTE4OWI4ZjI2ZTY1ZA",
            "id": "MzY2MDA0OHxTWU5USHxNT05JVE9SfDI4MmY0MTE3LTYzMDItNDI3Yi04MTRiLTE4OWI4ZjI2ZTY1ZA",
            "location_private": [],
            "locations_public": [
              "US_EAST_1",
              "US_EAST_2"
            ],
            "name": "Step_Monitor_Portfolio_1",
            "period": "EVERY_6_HOURS",
            "status": "ENABLED",
            "steps": [
              {
                "ordinal": 0,
                "type": "NAVIGATE",
                "values": [
                  "https://www.ihappysoni.netlify.com"
                ]
              }
            ],
            "tag": [
              {
                "key": "some_key",
                "values": [
                  "some_value"
                ]
              }
            ]
          },
          "sensitive_attributes": [],
          "private": "bnVsbA=="
        }
      ]
    },
    {
      "mode": "managed",
      "type": "newrelic_workflow",
      "name": "foo",
      "provider": "provider[\"registry.terraform.io/newrelic/newrelic\"]",
      "instances": [
        {
          "schema_version": 1,
          "attributes": {
            "account_id": 3660048,
            "destination": [
              {
                "channel_id": "4a4ec10b-58ea-4602-a09b-edbec29c18ef",
                "name": "email-example",
                "type": "EMAIL"
              }
            ],
            "destinations_enabled": true,
            "enabled": true,
            "enrichments": [],
            "enrichments_enabled": true,
            "id": "8f7822a4-d88c-43d5-918b-807eda451b31",
            "issues_filter": [
              {
                "filter_id": "546bb75b-9c56-49c7-80ca-949664d84437",
                "name": "filter-name",
                "predicate": [
                  {
                    "attribute": "accumulations.sources",
                    "operator": "EXACTLY_MATCHES",
                    "values": [
                      "newrelic"
                    ]
                  },
                  {
                    "attribute": "accumulations.policyName",
                    "operator": "EXACTLY_MATCHES",
                    "values": [
                      "hs-test-ass"
                    ]
                  }
                ],
                "type": "FILTER"
              }
            ],
            "last_run": "",
            "muting_rules_handling": "NOTIFY_ALL_ISSUES",
            "name": "synthetic_workflow",
            "workflow_id": "8f7822a4-d88c-43d5-918b-807eda451b31"
          },
          "sensitive_attributes": [],
          "private": "eyJzY2hlbWFfdmVyc2lvbiI6IjEifQ==",
          "dependencies": [
            "newrelic_notification_channel.foo"
          ]
        }
      ]
    }
  ]
}
